
Microsoft Visual Studio Solution File, Format Version 12.00
# Visual Studio Version 17
VisualStudioVersion = 17.14.36511.14
MinimumVisualStudioVersion = 10.0.40219.1
Project("{FAE04EC0-301F-11D3-BF4B-00C04F79EFBC}") = "EmailAddresses", "src\EmailAddresses\EmailAddresses.csproj", "{6B43B51B-A93C-4B4F-AD4D-4B74A2E7DB3F}"
EndProject
Project("{FAE04EC0-301F-11D3-BF4B-00C04F79EFBC}") = "EmailAddresses.Tests", "tests\EmailAddresses.Tests\EmailAddresses.Tests.csproj", "{BAE006E4-4A1E-4E52-8CA1-D341BD0B26EE}"
EndProject
Project("{2150E333-8FDC-42A3-9474-1A3956D46DE8}") = "00 - Solution Items", "00 - Solution Items", "{02EA681E-C7D8-13C7-8484-4AC65E1B71E8}"
	ProjectSection(SolutionItems) = preProject
		.editorconfig = .editorconfig
		.gitignore = .gitignore
		Directory.Build.props = Directory.Build.props
		Directory.Packages.props = Directory.Packages.props
		Icon.png = Icon.png
		LICENSE = LICENSE
		README.md = README.md
		stylecop.json = stylecop.json
	EndProjectSection
EndProject
Project("{2150E333-8FDC-42A3-9474-1A3956D46DE8}") = "tests", "tests", "{DFE1E9A1-3CB7-4FA4-B304-711772346C43}"
	ProjectSection(SolutionItems) = preProject
		tests\.editorconfig = tests\.editorconfig
		tests\Directory.Build.props = tests\Directory.Build.props
	EndProjectSection
EndProject
Project("{2150E333-8FDC-42A3-9474-1A3956D46DE8}") = "src", "src", "{FAA7960F-95C1-45E2-9A42-EED477DF97F1}"
	ProjectSection(SolutionItems) = preProject
		src\Directory.Build.props = src\Directory.Build.props
	EndProjectSection
EndProject
Project("{2150E333-8FDC-42A3-9474-1A3956D46DE8}") = ".github", ".github", "{99066C81-F6AB-4A66-9E52-9D324A840307}"
EndProject
Project("{2150E333-8FDC-42A3-9474-1A3956D46DE8}") = "workflows", "workflows", "{CE76142F-BAA5-4D79-9CBB-9C298378FFF9}"
	ProjectSection(SolutionItems) = preProject
		.github\workflows\github-actions-ci.yaml = .github\workflows\github-actions-ci.yaml
		.github\workflows\github-actions-release.yaml = .github\workflows\github-actions-release.yaml
	EndProjectSection
EndProject
Project("{FAE04EC0-301F-11D3-BF4B-00C04F79EFBC}") = "EmailAddresses.Json", "src\EmailAddresses.Json\EmailAddresses.Json.csproj", "{C203E40E-37C1-49F0-B74C-E3559EB74DA7}"
EndProject
Project("{FAE04EC0-301F-11D3-BF4B-00C04F79EFBC}") = "EmailAddresses.Json.Tests", "tests\EmailAddresses.Json.Tests\EmailAddresses.Json.Tests.csproj", "{3CEDE123-579A-4E3F-B32C-7FC53950075A}"
EndProject
Project("{2150E333-8FDC-42A3-9474-1A3956D46DE8}") = "EmailAddresses", "EmailAddresses", "{B461FB79-24F2-4091-BB91-F56392A0560D}"
EndProject
Project("{2150E333-8FDC-42A3-9474-1A3956D46DE8}") = "Json", "Json", "{EAC60D27-67F3-4A5E-8772-A2C6AE0631CB}"
EndProject
Project("{2150E333-8FDC-42A3-9474-1A3956D46DE8}") = "EntityFramework", "EntityFramework", "{BA63670E-1038-491A-85B2-76DC954A59A5}"
EndProject
Project("{FAE04EC0-301F-11D3-BF4B-00C04F79EFBC}") = "EmailAddresses.EntityFramework", "src\EmailAddresses.EntityFramework\EmailAddresses.EntityFramework.csproj", "{0EA33463-8B0B-057B-E76E-2D441A86832A}"
EndProject
Project("{FAE04EC0-301F-11D3-BF4B-00C04F79EFBC}") = "EmailAddresses.EntityFramework.Tests", "tests\EmailAddresses.EntityFramework.Tests\EmailAddresses.EntityFramework.Tests.csproj", "{1BA02A1F-D02D-4FB1-99F9-A6740B593389}"
EndProject
Project("{2150E333-8FDC-42A3-9474-1A3956D46DE8}") = "FluentValidation", "FluentValidation", "{80CB9DF4-D9EB-4E13-A78F-B716093A1B6C}"
EndProject
Project("{FAE04EC0-301F-11D3-BF4B-00C04F79EFBC}") = "EmailAddresses.FluentValidation", "src\EmailAddresses.FluentValidation\EmailAddresses.FluentValidation.csproj", "{9B9B9120-25EE-4DAA-9D09-63B4BBBAEEAA}"
EndProject
Project("{FAE04EC0-301F-11D3-BF4B-00C04F79EFBC}") = "EmailAddresses.FluentValidation.Tests", "tests\EmailAddresses.FluentValidation.Tests\EmailAddresses.FluentValidation.Tests.csproj", "{0903F791-7EE4-4644-BA90-494798B1F4B3}"
EndProject
Project("{2150E333-8FDC-42A3-9474-1A3956D46DE8}") = "People", "People", "{F2473697-B13F-422F-A267-DA263F56025F}"
EndProject
Project("{FAE04EC0-301F-11D3-BF4B-00C04F79EFBC}") = "People", "src\People\People.csproj", "{5CF087B0-0B63-40F5-8E7B-6DCE1FAA1EEE}"
EndProject
Project("{FAE04EC0-301F-11D3-BF4B-00C04F79EFBC}") = "People.Tests", "tests\People.Tests\People.Tests.csproj", "{E9727893-5089-49AD-B829-9A0C7478DE8D}"
EndProject
Project("{2150E333-8FDC-42A3-9474-1A3956D46DE8}") = "EntityFramework", "EntityFramework", "{AD76012D-0929-4FB7-BDF0-71B0C6CEA1C3}"
EndProject
Project("{2150E333-8FDC-42A3-9474-1A3956D46DE8}") = "FluentValidation", "FluentValidation", "{02A575A9-DC41-4FF0-A05B-6E28CFA9E14D}"
EndProject
Project("{FAE04EC0-301F-11D3-BF4B-00C04F79EFBC}") = "People.EntityFramework", "src\People.EntityFramework\People.EntityFramework.csproj", "{BA669488-A9F5-45B9-B58A-FD9478FDE6E3}"
EndProject
Project("{FAE04EC0-301F-11D3-BF4B-00C04F79EFBC}") = "People.EntityFramework.Tests", "tests\People.EntityFramework.Tests\People.EntityFramework.Tests.csproj", "{34F3C67F-4A9B-4307-B1F6-F229EE1CB152}"
EndProject
Project("{FAE04EC0-301F-11D3-BF4B-00C04F79EFBC}") = "People.FluentValidation", "src\People.FluentValidation\People.FluentValidation.csproj", "{DE51B2E1-27CA-4AFB-AC28-8C759012F230}"
EndProject
Project("{FAE04EC0-301F-11D3-BF4B-00C04F79EFBC}") = "People.FluentValidation.Tests", "tests\People.FluentValidation.Tests\People.FluentValidation.Tests.csproj", "{59412D14-DC4B-4583-9B33-B405BF81913D}"
EndProject
Project("{2150E333-8FDC-42A3-9474-1A3956D46DE8}") = "Json", "Json", "{A94B7ED9-45FB-4D57-8B9D-B52C47F72D0A}"
EndProject
Project("{2150E333-8FDC-42A3-9474-1A3956D46DE8}") = "DataAnnotations", "DataAnnotations", "{1EB29D6C-ABD8-4F9D-8608-72B69DD9B756}"
EndProject
Project("{FAE04EC0-301F-11D3-BF4B-00C04F79EFBC}") = "People.Json", "src\People.Json\People.Json.csproj", "{219AA4F0-E49E-4352-865F-D3DB450B0DB4}"
EndProject
Project("{FAE04EC0-301F-11D3-BF4B-00C04F79EFBC}") = "People.Json.Tests", "tests\People.Json.Tests\People.Json.Tests.csproj", "{294EA128-CE0C-40CC-B3E6-CF1F40D3DC80}"
EndProject
Project("{FAE04EC0-301F-11D3-BF4B-00C04F79EFBC}") = "People.DataAnnotations", "src\People.DataAnnotations\People.DataAnnotations.csproj", "{6B65DB34-1360-4D74-A925-57DE07009D2E}"
EndProject
Project("{FAE04EC0-301F-11D3-BF4B-00C04F79EFBC}") = "People.DataAnnotations.Tests", "tests\People.DataAnnotations.Tests\People.DataAnnotations.Tests.csproj", "{AFFBCD07-8D7F-4DC6-91E6-76D993345D0B}"
EndProject
Global
	GlobalSection(SolutionConfigurationPlatforms) = preSolution
		Debug|Any CPU = Debug|Any CPU
		Release|Any CPU = Release|Any CPU
	EndGlobalSection
	GlobalSection(ProjectConfigurationPlatforms) = postSolution
		{6B43B51B-A93C-4B4F-AD4D-4B74A2E7DB3F}.Debug|Any CPU.ActiveCfg = Debug|Any CPU
		{6B43B51B-A93C-4B4F-AD4D-4B74A2E7DB3F}.Debug|Any CPU.Build.0 = Debug|Any CPU
		{6B43B51B-A93C-4B4F-AD4D-4B74A2E7DB3F}.Release|Any CPU.ActiveCfg = Release|Any CPU
		{6B43B51B-A93C-4B4F-AD4D-4B74A2E7DB3F}.Release|Any CPU.Build.0 = Release|Any CPU
		{BAE006E4-4A1E-4E52-8CA1-D341BD0B26EE}.Debug|Any CPU.ActiveCfg = Debug|Any CPU
		{BAE006E4-4A1E-4E52-8CA1-D341BD0B26EE}.Debug|Any CPU.Build.0 = Debug|Any CPU
		{BAE006E4-4A1E-4E52-8CA1-D341BD0B26EE}.Release|Any CPU.ActiveCfg = Release|Any CPU
		{BAE006E4-4A1E-4E52-8CA1-D341BD0B26EE}.Release|Any CPU.Build.0 = Release|Any CPU
		{C203E40E-37C1-49F0-B74C-E3559EB74DA7}.Debug|Any CPU.ActiveCfg = Debug|Any CPU
		{C203E40E-37C1-49F0-B74C-E3559EB74DA7}.Debug|Any CPU.Build.0 = Debug|Any CPU
		{C203E40E-37C1-49F0-B74C-E3559EB74DA7}.Release|Any CPU.ActiveCfg = Release|Any CPU
		{C203E40E-37C1-49F0-B74C-E3559EB74DA7}.Release|Any CPU.Build.0 = Release|Any CPU
		{3CEDE123-579A-4E3F-B32C-7FC53950075A}.Debug|Any CPU.ActiveCfg = Debug|Any CPU
		{3CEDE123-579A-4E3F-B32C-7FC53950075A}.Debug|Any CPU.Build.0 = Debug|Any CPU
		{3CEDE123-579A-4E3F-B32C-7FC53950075A}.Release|Any CPU.ActiveCfg = Release|Any CPU
		{3CEDE123-579A-4E3F-B32C-7FC53950075A}.Release|Any CPU.Build.0 = Release|Any CPU
		{0EA33463-8B0B-057B-E76E-2D441A86832A}.Debug|Any CPU.ActiveCfg = Debug|Any CPU
		{0EA33463-8B0B-057B-E76E-2D441A86832A}.Debug|Any CPU.Build.0 = Debug|Any CPU
		{0EA33463-8B0B-057B-E76E-2D441A86832A}.Release|Any CPU.ActiveCfg = Release|Any CPU
		{0EA33463-8B0B-057B-E76E-2D441A86832A}.Release|Any CPU.Build.0 = Release|Any CPU
		{1BA02A1F-D02D-4FB1-99F9-A6740B593389}.Debug|Any CPU.ActiveCfg = Debug|Any CPU
		{1BA02A1F-D02D-4FB1-99F9-A6740B593389}.Debug|Any CPU.Build.0 = Debug|Any CPU
		{1BA02A1F-D02D-4FB1-99F9-A6740B593389}.Release|Any CPU.ActiveCfg = Release|Any CPU
		{1BA02A1F-D02D-4FB1-99F9-A6740B593389}.Release|Any CPU.Build.0 = Release|Any CPU
		{9B9B9120-25EE-4DAA-9D09-63B4BBBAEEAA}.Debug|Any CPU.ActiveCfg = Debug|Any CPU
		{9B9B9120-25EE-4DAA-9D09-63B4BBBAEEAA}.Debug|Any CPU.Build.0 = Debug|Any CPU
		{9B9B9120-25EE-4DAA-9D09-63B4BBBAEEAA}.Release|Any CPU.ActiveCfg = Release|Any CPU
		{9B9B9120-25EE-4DAA-9D09-63B4BBBAEEAA}.Release|Any CPU.Build.0 = Release|Any CPU
		{0903F791-7EE4-4644-BA90-494798B1F4B3}.Debug|Any CPU.ActiveCfg = Debug|Any CPU
		{0903F791-7EE4-4644-BA90-494798B1F4B3}.Debug|Any CPU.Build.0 = Debug|Any CPU
		{0903F791-7EE4-4644-BA90-494798B1F4B3}.Release|Any CPU.ActiveCfg = Release|Any CPU
		{0903F791-7EE4-4644-BA90-494798B1F4B3}.Release|Any CPU.Build.0 = Release|Any CPU
		{5CF087B0-0B63-40F5-8E7B-6DCE1FAA1EEE}.Debug|Any CPU.ActiveCfg = Debug|Any CPU
		{5CF087B0-0B63-40F5-8E7B-6DCE1FAA1EEE}.Debug|Any CPU.Build.0 = Debug|Any CPU
		{5CF087B0-0B63-40F5-8E7B-6DCE1FAA1EEE}.Release|Any CPU.ActiveCfg = Release|Any CPU
		{5CF087B0-0B63-40F5-8E7B-6DCE1FAA1EEE}.Release|Any CPU.Build.0 = Release|Any CPU
		{E9727893-5089-49AD-B829-9A0C7478DE8D}.Debug|Any CPU.ActiveCfg = Debug|Any CPU
		{E9727893-5089-49AD-B829-9A0C7478DE8D}.Debug|Any CPU.Build.0 = Debug|Any CPU
		{E9727893-5089-49AD-B829-9A0C7478DE8D}.Release|Any CPU.ActiveCfg = Release|Any CPU
		{E9727893-5089-49AD-B829-9A0C7478DE8D}.Release|Any CPU.Build.0 = Release|Any CPU
		{BA669488-A9F5-45B9-B58A-FD9478FDE6E3}.Debug|Any CPU.ActiveCfg = Debug|Any CPU
		{BA669488-A9F5-45B9-B58A-FD9478FDE6E3}.Debug|Any CPU.Build.0 = Debug|Any CPU
		{BA669488-A9F5-45B9-B58A-FD9478FDE6E3}.Release|Any CPU.ActiveCfg = Release|Any CPU
		{BA669488-A9F5-45B9-B58A-FD9478FDE6E3}.Release|Any CPU.Build.0 = Release|Any CPU
		{34F3C67F-4A9B-4307-B1F6-F229EE1CB152}.Debug|Any CPU.ActiveCfg = Debug|Any CPU
		{34F3C67F-4A9B-4307-B1F6-F229EE1CB152}.Debug|Any CPU.Build.0 = Debug|Any CPU
		{34F3C67F-4A9B-4307-B1F6-F229EE1CB152}.Release|Any CPU.ActiveCfg = Release|Any CPU
		{34F3C67F-4A9B-4307-B1F6-F229EE1CB152}.Release|Any CPU.Build.0 = Release|Any CPU
		{DE51B2E1-27CA-4AFB-AC28-8C759012F230}.Debug|Any CPU.ActiveCfg = Debug|Any CPU
		{DE51B2E1-27CA-4AFB-AC28-8C759012F230}.Debug|Any CPU.Build.0 = Debug|Any CPU
		{DE51B2E1-27CA-4AFB-AC28-8C759012F230}.Release|Any CPU.ActiveCfg = Release|Any CPU
		{DE51B2E1-27CA-4AFB-AC28-8C759012F230}.Release|Any CPU.Build.0 = Release|Any CPU
		{59412D14-DC4B-4583-9B33-B405BF81913D}.Debug|Any CPU.ActiveCfg = Debug|Any CPU
		{59412D14-DC4B-4583-9B33-B405BF81913D}.Debug|Any CPU.Build.0 = Debug|Any CPU
		{59412D14-DC4B-4583-9B33-B405BF81913D}.Release|Any CPU.ActiveCfg = Release|Any CPU
		{59412D14-DC4B-4583-9B33-B405BF81913D}.Release|Any CPU.Build.0 = Release|Any CPU
		{219AA4F0-E49E-4352-865F-D3DB450B0DB4}.Debug|Any CPU.ActiveCfg = Debug|Any CPU
		{219AA4F0-E49E-4352-865F-D3DB450B0DB4}.Debug|Any CPU.Build.0 = Debug|Any CPU
		{219AA4F0-E49E-4352-865F-D3DB450B0DB4}.Release|Any CPU.ActiveCfg = Release|Any CPU
		{219AA4F0-E49E-4352-865F-D3DB450B0DB4}.Release|Any CPU.Build.0 = Release|Any CPU
		{294EA128-CE0C-40CC-B3E6-CF1F40D3DC80}.Debug|Any CPU.ActiveCfg = Debug|Any CPU
		{294EA128-CE0C-40CC-B3E6-CF1F40D3DC80}.Debug|Any CPU.Build.0 = Debug|Any CPU
		{294EA128-CE0C-40CC-B3E6-CF1F40D3DC80}.Release|Any CPU.ActiveCfg = Release|Any CPU
		{294EA128-CE0C-40CC-B3E6-CF1F40D3DC80}.Release|Any CPU.Build.0 = Release|Any CPU
		{6B65DB34-1360-4D74-A925-57DE07009D2E}.Debug|Any CPU.ActiveCfg = Debug|Any CPU
		{6B65DB34-1360-4D74-A925-57DE07009D2E}.Debug|Any CPU.Build.0 = Debug|Any CPU
		{6B65DB34-1360-4D74-A925-57DE07009D2E}.Release|Any CPU.ActiveCfg = Release|Any CPU
		{6B65DB34-1360-4D74-A925-57DE07009D2E}.Release|Any CPU.Build.0 = Release|Any CPU
		{AFFBCD07-8D7F-4DC6-91E6-76D993345D0B}.Debug|Any CPU.ActiveCfg = Debug|Any CPU
		{AFFBCD07-8D7F-4DC6-91E6-76D993345D0B}.Debug|Any CPU.Build.0 = Debug|Any CPU
		{AFFBCD07-8D7F-4DC6-91E6-76D993345D0B}.Release|Any CPU.ActiveCfg = Release|Any CPU
		{AFFBCD07-8D7F-4DC6-91E6-76D993345D0B}.Release|Any CPU.Build.0 = Release|Any CPU
	EndGlobalSection
	GlobalSection(SolutionProperties) = preSolution
		HideSolutionNode = FALSE
	EndGlobalSection
	GlobalSection(NestedProjects) = preSolution
		{6B43B51B-A93C-4B4F-AD4D-4B74A2E7DB3F} = {B461FB79-24F2-4091-BB91-F56392A0560D}
		{BAE006E4-4A1E-4E52-8CA1-D341BD0B26EE} = {B461FB79-24F2-4091-BB91-F56392A0560D}
		{DFE1E9A1-3CB7-4FA4-B304-711772346C43} = {02EA681E-C7D8-13C7-8484-4AC65E1B71E8}
		{FAA7960F-95C1-45E2-9A42-EED477DF97F1} = {02EA681E-C7D8-13C7-8484-4AC65E1B71E8}
		{99066C81-F6AB-4A66-9E52-9D324A840307} = {02EA681E-C7D8-13C7-8484-4AC65E1B71E8}
		{CE76142F-BAA5-4D79-9CBB-9C298378FFF9} = {99066C81-F6AB-4A66-9E52-9D324A840307}
		{C203E40E-37C1-49F0-B74C-E3559EB74DA7} = {EAC60D27-67F3-4A5E-8772-A2C6AE0631CB}
		{3CEDE123-579A-4E3F-B32C-7FC53950075A} = {EAC60D27-67F3-4A5E-8772-A2C6AE0631CB}
		{EAC60D27-67F3-4A5E-8772-A2C6AE0631CB} = {B461FB79-24F2-4091-BB91-F56392A0560D}
		{BA63670E-1038-491A-85B2-76DC954A59A5} = {B461FB79-24F2-4091-BB91-F56392A0560D}
		{0EA33463-8B0B-057B-E76E-2D441A86832A} = {BA63670E-1038-491A-85B2-76DC954A59A5}
		{1BA02A1F-D02D-4FB1-99F9-A6740B593389} = {BA63670E-1038-491A-85B2-76DC954A59A5}
		{80CB9DF4-D9EB-4E13-A78F-B716093A1B6C} = {B461FB79-24F2-4091-BB91-F56392A0560D}
		{9B9B9120-25EE-4DAA-9D09-63B4BBBAEEAA} = {80CB9DF4-D9EB-4E13-A78F-B716093A1B6C}
		{0903F791-7EE4-4644-BA90-494798B1F4B3} = {80CB9DF4-D9EB-4E13-A78F-B716093A1B6C}
		{5CF087B0-0B63-40F5-8E7B-6DCE1FAA1EEE} = {F2473697-B13F-422F-A267-DA263F56025F}
		{E9727893-5089-49AD-B829-9A0C7478DE8D} = {F2473697-B13F-422F-A267-DA263F56025F}
		{AD76012D-0929-4FB7-BDF0-71B0C6CEA1C3} = {F2473697-B13F-422F-A267-DA263F56025F}
		{02A575A9-DC41-4FF0-A05B-6E28CFA9E14D} = {F2473697-B13F-422F-A267-DA263F56025F}
		{BA669488-A9F5-45B9-B58A-FD9478FDE6E3} = {AD76012D-0929-4FB7-BDF0-71B0C6CEA1C3}
		{34F3C67F-4A9B-4307-B1F6-F229EE1CB152} = {AD76012D-0929-4FB7-BDF0-71B0C6CEA1C3}
		{DE51B2E1-27CA-4AFB-AC28-8C759012F230} = {02A575A9-DC41-4FF0-A05B-6E28CFA9E14D}
		{59412D14-DC4B-4583-9B33-B405BF81913D} = {02A575A9-DC41-4FF0-A05B-6E28CFA9E14D}
		{A94B7ED9-45FB-4D57-8B9D-B52C47F72D0A} = {F2473697-B13F-422F-A267-DA263F56025F}
		{1EB29D6C-ABD8-4F9D-8608-72B69DD9B756} = {F2473697-B13F-422F-A267-DA263F56025F}
		{219AA4F0-E49E-4352-865F-D3DB450B0DB4} = {A94B7ED9-45FB-4D57-8B9D-B52C47F72D0A}
		{294EA128-CE0C-40CC-B3E6-CF1F40D3DC80} = {A94B7ED9-45FB-4D57-8B9D-B52C47F72D0A}
		{6B65DB34-1360-4D74-A925-57DE07009D2E} = {1EB29D6C-ABD8-4F9D-8608-72B69DD9B756}
		{AFFBCD07-8D7F-4DC6-91E6-76D993345D0B} = {1EB29D6C-ABD8-4F9D-8608-72B69DD9B756}
	EndGlobalSection
	GlobalSection(ExtensibilityGlobals) = postSolution
		SolutionGuid = {344068EF-5958-4241-BD83-86403ADA68F1}
	EndGlobalSection
EndGlobal
